// !$*UTF8*$!
{
	archiveVersion = 1;
	classes = {
	};
	objectVersion = 50;
	objects = {

/* Begin PBXBuildFile section */
		52CDA8B023E9799D00E0B575 /* AppDelegate.swift in Sources */ = {isa = PBXBuildFile; fileRef = 52CDA8AF23E9799D00E0B575 /* AppDelegate.swift */; };
		52CDA8B223E9799D00E0B575 /* SceneDelegate.swift in Sources */ = {isa = PBXBuildFile; fileRef = 52CDA8B123E9799D00E0B575 /* SceneDelegate.swift */; };
		52CDA8B423E9799D00E0B575 /* ContentView.swift in Sources */ = {isa = PBXBuildFile; fileRef = 52CDA8B323E9799D00E0B575 /* ContentView.swift */; };
		52CDA8B623E9799E00E0B575 /* Assets.xcassets in Resources */ = {isa = PBXBuildFile; fileRef = 52CDA8B523E9799E00E0B575 /* Assets.xcassets */; };
		52CDA8B923E9799E00E0B575 /* Preview Assets.xcassets in Resources */ = {isa = PBXBuildFile; fileRef = 52CDA8B823E9799E00E0B575 /* Preview Assets.xcassets */; };
		52CDA8BC23E9799E00E0B575 /* LaunchScreen.storyboard in Resources */ = {isa = PBXBuildFile; fileRef = 52CDA8BA23E9799E00E0B575 /* LaunchScreen.storyboard */; };
		52CDA8C723E9799F00E0B575 /* testProjTests.swift in Sources */ = {isa = PBXBuildFile; fileRef = 52CDA8C623E9799F00E0B575 /* testProjTests.swift */; };
		52CDA8D223E9799F00E0B575 /* testProjUITests.swift in Sources */ = {isa = PBXBuildFile; fileRef = 52CDA8D123E9799F00E0B575 /* testProjUITests.swift */; };
/* End PBXBuildFile section */

/* Begin PBXContainerItemProxy section */
		52CDA8C323E9799F00E0B575 /* PBXContainerItemProxy */ = {
			isa = PBXContainerItemProxy;
			containerPortal = 52CDA8A423E9799D00E0B575 /* Project object */;
			proxyType = 1;
			remoteGlobalIDString = 52CDA8AB23E9799D00E0B575;
			remoteInfo = testProj;
		};
		52CDA8CE23E9799F00E0B575 /* PBXContainerItemProxy */ = {
			isa = PBXContainerItemProxy;
			containerPortal = 52CDA8A423E9799D00E0B575 /* Project object */;
			proxyType = 1;
			remoteGlobalIDString = 52CDA8AB23E9799D00E0B575;
			remoteInfo = testProj;
		};
/* End PBXContainerItemProxy section */

/* Begin PBXFileReference section */
		52CDA8AC23E9799D00E0B575 /* testProj.app */ = {isa = PBXFileReference; explicitFileType = wrapper.application; includeInIndex = 0; path = testProj.app; sourceTree = BUILT_PRODUCTS_DIR; };
		52CDA8AF23E9799D00E0B575 /* AppDelegate.swift */ = {isa = PBXFileReference; lastKnownFileType = sourcecode.swift; path = AppDelegate.swift; sourceTree = "<group>"; };
		52CDA8B123E9799D00E0B575 /* SceneDelegate.swift */ = {isa = PBXFileReference; lastKnownFileType = sourcecode.swift; path = SceneDelegate.swift; sourceTree = "<group>"; };
		52CDA8B323E9799D00E0B575 /* ContentView.swift */ = {isa = PBXFileReference; lastKnownFileType = sourcecode.swift; path = ContentView.swift; sourceTree = "<group>"; };
		52CDA8B523E9799E00E0B575 /* Assets.xcassets */ = {isa = PBXFileReference; lastKnownFileType = folder.assetcatalog; path = Assets.xcassets; sourceTree = "<group>"; };
		52CDA8B823E9799E00E0B575 /* Preview Assets.xcassets */ = {isa = PBXFileReference; lastKnownFileType = folder.assetcatalog; path = "Preview Assets.xcassets"; sourceTree = "<group>"; };
		52CDA8BB23E9799E00E0B575 /* Base */ = {isa = PBXFileReference; lastKnownFileType = file.storyboard; name = Base; path = Base.lproj/LaunchScreen.storyboard; sourceTree = "<group>"; };
		52CDA8BD23E9799E00E0B575 /* Info.plist */ = {isa = PBXFileReference; lastKnownFileType = text.plist.xml; path = Info.plist; sourceTree = "<group>"; };
		52CDA8C223E9799F00E0B575 /* testProjTests.xctest */ = {isa = PBXFileReference; explicitFileType = wrapper.cfbundle; includeInIndex = 0; path = testProjTests.xctest; sourceTree = BUILT_PRODUCTS_DIR; };
		52CDA8C623E9799F00E0B575 /* testProjTests.swift */ = {isa = PBXFileReference; lastKnownFileType = sourcecode.swift; path = testProjTests.swift; sourceTree = "<group>"; };
		52CDA8C823E9799F00E0B575 /* Info.plist */ = {isa = PBXFileReference; lastKnownFileType = text.plist.xml; path = Info.plist; sourceTree = "<group>"; };
		52CDA8CD23E9799F00E0B575 /* testProjUITests.xctest */ = {isa = PBXFileReference; explicitFileType = wrapper.cfbundle; includeInIndex = 0; path = testProjUITests.xctest; sourceTree = BUILT_PRODUCTS_DIR; };
		52CDA8D123E9799F00E0B575 /* testProjUITests.swift */ = {isa = PBXFileReference; lastKnownFileType = sourcecode.swift; path = testProjUITests.swift; sourceTree = "<group>"; };
		52CDA8D323E9799F00E0B575 /* Info.plist */ = {isa = PBXFileReference; lastKnownFileType = text.plist.xml; path = Info.plist; sourceTree = "<group>"; };
/* End PBXFileReference section */

/* Begin PBXFrameworksBuildPhase section */
		52CDA8A923E9799D00E0B575 /* Frameworks */ = {
			isa = PBXFrameworksBuildPhase;
			buildActionMask = 2147483647;
			files = (
			);
			runOnlyForDeploymentPostprocessing = 0;
		};
		52CDA8BF23E9799F00E0B575 /* Frameworks */ = {
			isa = PBXFrameworksBuildPhase;
			buildActionMask = 2147483647;
			files = (
			);
			runOnlyForDeploymentPostprocessing = 0;
		};
		52CDA8CA23E9799F00E0B575 /* Frameworks */ = {
			isa = PBXFrameworksBuildPhase;
			buildActionMask = 2147483647;
			files = (
			);
			runOnlyForDeploymentPostprocessing = 0;
		};
/* End PBXFrameworksBuildPhase section */

/* Begin PBXGroup section */
		52CDA8A323E9799D00E0B575 = {
			isa = PBXGroup;
			children = (
				52CDA8AE23E9799D00E0B575 /* testProj */,
				52CDA8C523E9799F00E0B575 /* testProjTests */,
				52CDA8D023E9799F00E0B575 /* testProjUITests */,
				52CDA8AD23E9799D00E0B575 /* Products */,
			);
			sourceTree = "<group>";
		};
		52CDA8AD23E9799D00E0B575 /* Products */ = {
			isa = PBXGroup;
			children = (
				52CDA8AC23E9799D00E0B575 /* testProj.app */,
				52CDA8C223E9799F00E0B575 /* testProjTests.xctest */,
				52CDA8CD23E9799F00E0B575 /* testProjUITests.xctest */,
			);
			name = Products;
			sourceTree = "<group>";
		};
		52CDA8AE23E9799D00E0B575 /* testProj */ = {
			isa = PBXGroup;
			children = (
				52CDA8AF23E9799D00E0B575 /* AppDelegate.swift */,
				52CDA8B123E9799D00E0B575 /* SceneDelegate.swift */,
				52CDA8B323E9799D00E0B575 /* ContentView.swift */,
				52CDA8B523E9799E00E0B575 /* Assets.xcassets */,
				52CDA8BA23E9799E00E0B575 /* LaunchScreen.storyboard */,
				52CDA8BD23E9799E00E0B575 /* Info.plist */,
				52CDA8B723E9799E00E0B575 /* Preview Content */,
			);
			path = testProj;
			sourceTree = "<group>";
		};
		52CDA8B723E9799E00E0B575 /* Preview Content */ = {
			isa = PBXGroup;
			children = (
				52CDA8B823E9799E00E0B575 /* Preview Assets.xcassets */,
			);
			path = "Preview Content";
			sourceTree = "<group>";
		};
		52CDA8C523E9799F00E0B575 /* testProjTests */ = {
			isa = PBXGroup;
			children = (
				52CDA8C623E9799F00E0B575 /* testProjTests.swift */,
				52CDA8C823E9799F00E0B575 /* Info.plist */,
			);
			path = testProjTests;
			sourceTree = "<group>";
		};
		52CDA8D023E9799F00E0B575 /* testProjUITests */ = {
			isa = PBXGroup;
			children = (
				52CDA8D123E9799F00E0B575 /* testProjUITests.swift */,
				52CDA8D323E9799F00E0B575 /* Info.plist */,
			);
			path = testProjUITests;
			sourceTree = "<group>";
		};
/* End PBXGroup section */

/* Begin PBXNativeTarget section */
		52CDA8AB23E9799D00E0B575 /* testProj */ = {
			isa = PBXNativeTarget;
			buildConfigurationList = 52CDA8D623E9799F00E0B575 /* Build configuration list for PBXNativeTarget "testProj" */;
			buildPhases = (
				52CDA8A823E9799D00E0B575 /* Sources */,
				52CDA8A923E9799D00E0B575 /* Frameworks */,
				52CDA8AA23E9799D00E0B575 /* Resources */,
			);
			buildRules = (
			);
			dependencies = (
			);
			name = testProj;
			productName = testProj;
			productReference = 52CDA8AC23E9799D00E0B575 /* testProj.app */;
			productType = "com.apple.product-type.application";
		};
		52CDA8C123E9799F00E0B575 /* testProjTests */ = {
			isa = PBXNativeTarget;
			buildConfigurationList = 52CDA8D923E9799F00E0B575 /* Build configuration list for PBXNativeTarget "testProjTests" */;
			buildPhases = (
				52CDA8BE23E9799F00E0B575 /* Sources */,
				52CDA8BF23E9799F00E0B575 /* Frameworks */,
				52CDA8C023E9799F00E0B575 /* Resources */,
			);
			buildRules = (
			);
			dependencies = (
				52CDA8C423E9799F00E0B575 /* PBXTargetDependency */,
			);
			name = testProjTests;
			productName = testProjTests;
			productReference = 52CDA8C223E9799F00E0B575 /* testProjTests.xctest */;
			productType = "com.apple.product-type.bundle.unit-test";
		};
		52CDA8CC23E9799F00E0B575 /* testProjUITests */ = {
			isa = PBXNativeTarget;
			buildConfigurationList = 52CDA8DC23E9799F00E0B575 /* Build configuration list for PBXNativeTarget "testProjUITests" */;
			buildPhases = (
				52CDA8C923E9799F00E0B575 /* Sources */,
				52CDA8CA23E9799F00E0B575 /* Frameworks */,
				52CDA8CB23E9799F00E0B575 /* Resources */,
			);
			buildRules = (
			);
			dependencies = (
				52CDA8CF23E9799F00E0B575 /* PBXTargetDependency */,
			);
			name = testProjUITests;
			productName = testProjUITests;
			productReference = 52CDA8CD23E9799F00E0B575 /* testProjUITests.xctest */;
			productType = "com.apple.product-type.bundle.ui-testing";
		};
/* End PBXNativeTarget section */

/* Begin PBXProject section */
		52CDA8A423E9799D00E0B575 /* Project object */ = {
			isa = PBXProject;
			attributes = {
				LastSwiftUpdateCheck = 1130;
				LastUpgradeCheck = 1130;
				ORGANIZATIONNAME = "Jigyasaa Sood";
				TargetAttributes = {
					52CDA8AB23E9799D00E0B575 = {
						CreatedOnToolsVersion = 11.3.1;
					};
					52CDA8C123E9799F00E0B575 = {
						CreatedOnToolsVersion = 11.3.1;
						TestTargetID = 52CDA8AB23E9799D00E0B575;
					};
					52CDA8CC23E9799F00E0B575 = {
						CreatedOnToolsVersion = 11.3.1;
						TestTargetID = 52CDA8AB23E9799D00E0B575;
					};
				};
			};
			buildConfigurationList = 52CDA8A723E9799D00E0B575 /* Build configuration list for PBXProject "testProj" */;
			compatibilityVersion = "Xcode 9.3";
			developmentRegion = en;
			hasScannedForEncodings = 0;
			knownRegions = (
				en,
				Base,
			);
			mainGroup = 52CDA8A323E9799D00E0B575;
			productRefGroup = 52CDA8AD23E9799D00E0B575 /* Products */;
			projectDirPath = "";
			projectRoot = "";
			targets = (
				52CDA8AB23E9799D00E0B575 /* testProj */,
				52CDA8C123E9799F00E0B575 /* testProjTests */,
				52CDA8CC23E9799F00E0B575 /* testProjUITests */,
			);
		};
/* End PBXProject section */

/* Begin PBXResourcesBuildPhase section */
		52CDA8AA23E9799D00E0B575 /* Resources */ = {
			isa = PBXResourcesBuildPhase;
			buildActionMask = 2147483647;
			files = (
				52CDA8BC23E9799E00E0B575 /* LaunchScreen.storyboard in Resources */,
				52CDA8B923E9799E00E0B575 /* Preview Assets.xcassets in Resources */,
				52CDA8B623E9799E00E0B575 /* Assets.xcassets in Resources */,
			);
			runOnlyForDeploymentPostprocessing = 0;
		};
		52CDA8C023E9799F00E0B575 /* Resources */ = {
			isa = PBXResourcesBuildPhase;
			buildActionMask = 2147483647;
			files = (
			);
			runOnlyForDeploymentPostprocessing = 0;
		};
		52CDA8CB23E9799F00E0B575 /* Resources */ = {
			isa = PBXResourcesBuildPhase;
			buildActionMask = 2147483647;
			files = (
			);
			runOnlyForDeploymentPostprocessing = 0;
		};
/* End PBXResourcesBuildPhase section */

/* Begin PBXSourcesBuildPhase section */
		52CDA8A823E9799D00E0B575 /* Sources */ = {
			isa = PBXSourcesBuildPhase;
			buildActionMask = 2147483647;
			files = (
				52CDA8B023E9799D00E0B575 /* AppDelegate.swift in Sources */,
				52CDA8B223E9799D00E0B575 /* SceneDelegate.swift in Sources */,
				52CDA8B423E9799D00E0B575 /* ContentView.swift in Sources */,
			);
			runOnlyForDeploymentPostprocessing = 0;
		};
		52CDA8BE23E9799F00E0B575 /* Sources */ = {
			isa = PBXSourcesBuildPhase;
			buildActionMask = 2147483647;
			files = (
				52CDA8C723E9799F00E0B575 /* testProjTests.swift in Sources */,
			);
			runOnlyForDeploymentPostprocessing = 0;
		};
		52CDA8C923E9799F00E0B575 /* Sources */ = {
			isa = PBXSourcesBuildPhase;
			buildActionMask = 2147483647;
			files = (
				52CDA8D223E9799F00E0B575 /* testProjUITests.swift in Sources */,
			);
			runOnlyForDeploymentPostprocessing = 0;
		};
/* End PBXSourcesBuildPhase section */

/* Begin PBXTargetDependency section */
		52CDA8C423E9799F00E0B575 /* PBXTargetDependency */ = {
			isa = PBXTargetDependency;
			target = 52CDA8AB23E9799D00E0B575 /* testProj */;
			targetProxy = 52CDA8C323E9799F00E0B575 /* PBXContainerItemProxy */;
		};
		52CDA8CF23E9799F00E0B575 /* PBXTargetDependency */ = {
			isa = PBXTargetDependency;
			target = 52CDA8AB23E9799D00E0B575 /* testProj */;
			targetProxy = 52CDA8CE23E9799F00E0B575 /* PBXContainerItemProxy */;
		};
/* End PBXTargetDependency section */

/* Begin PBXVariantGroup section */
		52CDA8BA23E9799E00E0B575 /* LaunchScreen.storyboard */ = {
			isa = PBXVariantGroup;
			children = (
				52CDA8BB23E9799E00E0B575 /* Base */,
			);
			name = LaunchScreen.storyboard;
			sourceTree = "<group>";
		};
/* End PBXVariantGroup section */

/* Begin XCBuildConfiguration section */
		52CDA8D423E9799F00E0B575 /* Debug */ = {
			isa = XCBuildConfiguration;
			buildSettings = {
				ALWAYS_SEARCH_USER_PATHS = NO;
				CLANG_ANALYZER_NONNULL = YES;
				CLANG_ANALYZER_NUMBER_OBJECT_CONVERSION = YES_AGGRESSIVE;
				CLANG_CXX_LANGUAGE_STANDARD = "gnu++14";
				CLANG_CXX_LIBRARY = "libc++";
				CLANG_ENABLE_MODULES = YES;
				CLANG_ENABLE_OBJC_ARC = YES;
				CLANG_ENABLE_OBJC_WEAK = YES;
				CLANG_WARN_BLOCK_CAPTURE_AUTORELEASING = YES;
				CLANG_WARN_BOOL_CONVERSION = YES;
				CLANG_WARN_COMMA = YES;
				CLANG_WARN_CONSTANT_CONVERSION = YES;
				CLANG_WARN_DEPRECATED_OBJC_IMPLEMENTATIONS = YES;
				CLANG_WARN_DIRECT_OBJC_ISA_USAGE = YES_ERROR;
				CLANG_WARN_DOCUMENTATION_COMMENTS = YES;
				CLANG_WARN_EMPTY_BODY = YES;
				CLANG_WARN_ENUM_CONVERSION = YES;
				CLANG_WARN_INFINITE_RECURSION = YES;
				CLANG_WARN_INT_CONVERSION = YES;
				CLANG_WARN_NON_LITERAL_NULL_CONVERSION = YES;
				CLANG_WARN_OBJC_IMPLICIT_RETAIN_SELF = YES;
				CLANG_WARN_OBJC_LITERAL_CONVERSION = YES;
				CLANG_WARN_OBJC_ROOT_CLASS = YES_ERROR;
				CLANG_WARN_RANGE_LOOP_ANALYSIS = YES;
				CLANG_WARN_STRICT_PROTOTYPES = YES;
				CLANG_WARN_SUSPICIOUS_MOVE = YES;
				CLANG_WARN_UNGUARDED_AVAILABILITY = YES_AGGRESSIVE;
				CLANG_WARN_UNREACHABLE_CODE = YES;
				CLANG_WARN__DUPLICATE_METHOD_MATCH = YES;
				COPY_PHASE_STRIP = NO;
				DEBUG_INFORMATION_FORMAT = dwarf;
				ENABLE_STRICT_OBJC_MSGSEND = YES;
				ENABLE_TESTABILITY = YES;
				GCC_C_LANGUAGE_STANDARD = gnu11;
				GCC_DYNAMIC_NO_PIC = NO;
				GCC_NO_COMMON_BLOCKS = YES;
				GCC_OPTIMIZATION_LEVEL = 0;
				GCC_PREPROCESSOR_DEFINITIONS = (
					"DEBUG=1",
					"$(inherited)",
				);
				GCC_WARN_64_TO_32_BIT_CONVERSION = YES;
				GCC_WARN_ABOUT_RETURN_TYPE = YES_ERROR;
				GCC_WARN_UNDECLARED_SELECTOR = YES;
				GCC_WARN_UNINITIALIZED_AUTOS = YES_AGGRESSIVE;
				GCC_WARN_UNUSED_FUNCTION = YES;
				GCC_WARN_UNUSED_VARIABLE = YES;
				IPHONEOS_DEPLOYMENT_TARGET = 13.2;
				MTL_ENABLE_DEBUG_INFO = INCLUDE_SOURCE;
				MTL_FAST_MATH = YES;
				ONLY_ACTIVE_ARCH = YES;
				SDKROOT = iphoneos;
				SWIFT_ACTIVE_COMPILATION_CONDITIONS = DEBUG;
				SWIFT_OPTIMIZATION_LEVEL = "-Onone";
			};
			name = Debug;
		};
		52CDA8D523E9799F00E0B575 /* Release */ = {
			isa = XCBuildConfiguration;
			buildSettings = {
				ALWAYS_SEARCH_USER_PATHS = NO;
				CLANG_ANALYZER_NONNULL = YES;
				CLANG_ANALYZER_NUMBER_OBJECT_CONVERSION = YES_AGGRESSIVE;
				CLANG_CXX_LANGUAGE_STANDARD = "gnu++14";
				CLANG_CXX_LIBRARY = "libc++";
				CLANG_ENABLE_MODULES = YES;
				CLANG_ENABLE_OBJC_ARC = YES;
				CLANG_ENABLE_OBJC_WEAK = YES;
				CLANG_WARN_BLOCK_CAPTURE_AUTORELEASING = YES;
				CLANG_WARN_BOOL_CONVERSION = YES;
				CLANG_WARN_COMMA = YES;
				CLANG_WARN_CONSTANT_CONVERSION = YES;
				CLANG_WARN_DEPRECATED_OBJC_IMPLEMENTATIONS = YES;
				CLANG_WARN_DIRECT_OBJC_ISA_USAGE = YES_ERROR;
				CLANG_WARN_DOCUMENTATION_COMMENTS = YES;
				CLANG_WARN_EMPTY_BODY = YES;
				CLANG_WARN_ENUM_CONVERSION = YES;
				CLANG_WARN_INFINITE_RECURSION = YES;
				CLANG_WARN_INT_CONVERSION = YES;
				CLANG_WARN_NON_LITERAL_NULL_CONVERSION = YES;
				CLANG_WARN_OBJC_IMPLICIT_RETAIN_SELF = YES;
				CLANG_WARN_OBJC_LITERAL_CONVERSION = YES;
				CLANG_WARN_OBJC_ROOT_CLASS = YES_ERROR;
				CLANG_WARN_RANGE_LOOP_ANALYSIS = YES;
				CLANG_WARN_STRICT_PROTOTYPES = YES;
				CLANG_WARN_SUSPICIOUS_MOVE = YES;
				CLANG_WARN_UNGUARDED_AVAILABILITY = YES_AGGRESSIVE;
				CLANG_WARN_UNREACHABLE_CODE = YES;
				CLANG_WARN__DUPLICATE_METHOD_MATCH = YES;
				COPY_PHASE_STRIP = NO;
				DEBUG_INFORMATION_FORMAT = "dwarf-with-dsym";
				ENABLE_NS_ASSERTIONS = NO;
				ENABLE_STRICT_OBJC_MSGSEND = YES;
				GCC_C_LANGUAGE_STANDARD = gnu11;
				GCC_NO_COMMON_BLOCKS = YES;
				GCC_WARN_64_TO_32_BIT_CONVERSION = YES;
				GCC_WARN_ABOUT_RETURN_TYPE = YES_ERROR;
				GCC_WARN_UNDECLARED_SELECTOR = YES;
				GCC_WARN_UNINITIALIZED_AUTOS = YES_AGGRESSIVE;
				GCC_WARN_UNUSED_FUNCTION = YES;
				GCC_WARN_UNUSED_VARIABLE = YES;
				IPHONEOS_DEPLOYMENT_TARGET = 13.2;
				MTL_ENABLE_DEBUG_INFO = NO;
				MTL_FAST_MATH = YES;
				SDKROOT = iphoneos;
				SWIFT_COMPILATION_MODE = wholemodule;
				SWIFT_OPTIMIZATION_LEVEL = "-O";
				VALIDATE_PRODUCT = YES;
			};
			name = Release;
		};
		52CDA8D723E9799F00E0B575 /* Debug */ = {
			isa = XCBuildConfiguration;
			buildSettings = {
				ASSETCATALOG_COMPILER_APPICON_NAME = AppIcon;
				CODE_SIGN_STYLE = Automatic;
				DEVELOPMENT_ASSET_PATHS = "\"testProj/Preview Content\"";
				ENABLE_PREVIEWS = YES;
				INFOPLIST_FILE = testProj/Info.plist;
				LD_RUNPATH_SEARCH_PATHS = (
					"$(inherited)",
					"@executable_path/Frameworks",
				);
				PRODUCT_BUNDLE_IDENTIFIER = jsood.testProj;
				PRODUCT_NAME = "$(TARGET_NAME)";
				SWIFT_VERSION = 5.0;
				TARGETED_DEVICE_FAMILY = "1,2";
			};
			name = Debug;
		};
		52CDA8D823E9799F00E0B575 /* Release */ = {
			isa = XCBuildConfiguration;
			buildSettings = {
				ASSETCATALOG_COMPILER_APPICON_NAME = AppIcon;
				CODE_SIGN_STYLE = Automatic;
				DEVELOPMENT_ASSET_PATHS = "\"testProj/Preview Content\"";
				ENABLE_PREVIEWS = YES;
				INFOPLIST_FILE = testProj/Info.plist;
				LD_RUNPATH_SEARCH_PATHS = (
					"$(inherited)",
					"@executable_path/Frameworks",
				);
				PRODUCT_BUNDLE_IDENTIFIER = jsood.testProj;
				PRODUCT_NAME = "$(TARGET_NAME)";
				SWIFT_VERSION = 5.0;
				TARGETED_DEVICE_FAMILY = "1,2";
			};
			name = Release;
		};
		52CDA8DA23E9799F00E0B575 /* Debug */ = {
			isa = XCBuildConfiguration;
			buildSettings = {
				ALWAYS_EMBED_SWIFT_STANDARD_LIBRARIES = YES;
				BUNDLE_LOADER = "$(TEST_HOST)";
				CODE_SIGN_STYLE = Automatic;
				INFOPLIST_FILE = testProjTests/Info.plist;
				IPHONEOS_DEPLOYMENT_TARGET = 13.2;
				LD_RUNPATH_SEARCH_PATHS = (
					"$(inherited)",
					"@executable_path/Frameworks",
					"@loader_path/Frameworks",
				);
				PRODUCT_BUNDLE_IDENTIFIER = jsood.testProjTests;
				PRODUCT_NAME = "$(TARGET_NAME)";
				SWIFT_VERSION = 5.0;
				TARGETED_DEVICE_FAMILY = "1,2";
				TEST_HOST = "$(BUILT_PRODUCTS_DIR)/testProj.app/testProj";
			};
			name = Debug;
		};
		52CDA8DB23E9799F00E0B575 /* Release */ = {
			isa = XCBuildConfiguration;
			buildSettings = {
				ALWAYS_EMBED_SWIFT_STANDARD_LIBRARIES = YES;
				BUNDLE_LOADER = "$(TEST_HOST)";
				CODE_SIGN_STYLE = Automatic;
				INFOPLIST_FILE = testProjTests/Info.plist;
				IPHONEOS_DEPLOYMENT_TARGET = 13.2;
				LD_RUNPATH_SEARCH_PATHS = (
					"$(inherited)",
					"@executable_path/Frameworks",
					"@loader_path/Frameworks",
				);
				PRODUCT_BUNDLE_IDENTIFIER = jsood.testProjTests;
				PRODUCT_NAME = "$(TARGET_NAME)";
				SWIFT_VERSION = 5.0;
				TARGETED_DEVICE_FAMILY = "1,2";
				TEST_HOST = "$(BUILT_PRODUCTS_DIR)/testProj.app/testProj";
			};
			name = Release;
		};
		52CDA8DD23E9799F00E0B575 /* Debug */ = {
			isa = XCBuildConfiguration;
			buildSettings = {
				ALWAYS_EMBED_SWIFT_STANDARD_LIBRARIES = YES;
				CODE_SIGN_STYLE = Automatic;
				INFOPLIST_FILE = testProjUITests/Info.plist;
				LD_RUNPATH_SEARCH_PATHS = (
					"$(inherited)",
					"@executable_path/Frameworks",
					"@loader_path/Frameworks",
				);
				PRODUCT_BUNDLE_IDENTIFIER = jsood.testProjUITests;
				PRODUCT_NAME = "$(TARGET_NAME)";
				SWIFT_VERSION = 5.0;
				TARGETED_DEVICE_FAMILY = "1,2";
				TEST_TARGET_NAME = testProj;
			};
			name = Debug;
		};
		52CDA8DE23E9799F00E0B575 /* Release */ = {
			isa = XCBuildConfiguration;
			buildSettings = {
				ALWAYS_EMBED_SWIFT_STANDARD_LIBRARIES = YES;
				CODE_SIGN_STYLE = Automatic;
				INFOPLIST_FILE = testProjUITests/Info.plist;
				LD_RUNPATH_SEARCH_PATHS = (
					"$(inherited)",
					"@executable_path/Frameworks",
					"@loader_path/Frameworks",
				);
				PRODUCT_BUNDLE_IDENTIFIER = jsood.testProjUITests;
				PRODUCT_NAME = "$(TARGET_NAME)";
				SWIFT_VERSION = 5.0;
				TARGETED_DEVICE_FAMILY = "1,2";
				TEST_TARGET_NAME = testProj;
			};
			name = Release;
		};
/* End XCBuildConfiguration section */

/* Begin XCConfigurationList section */
		52CDA8A723E9799D00E0B575 /* Build configuration list for PBXProject "testProj" */ = {
			isa = XCConfigurationList;
			buildConfigurations = (
				52CDA8D423E9799F00E0B575 /* Debug */,
				52CDA8D523E9799F00E0B575 /* Release */,
			);
			defaultConfigurationIsVisible = 0;
			defaultConfigurationName = Release;
		};
		52CDA8D623E9799F00E0B575 /* Build configuration list for PBXNativeTarget "testProj" */ = {
			isa = XCConfigurationList;
			buildConfigurations = (
				52CDA8D723E9799F00E0B575 /* Debug */,
				52CDA8D823E9799F00E0B575 /* Release */,
			);
			defaultConfigurationIsVisible = 0;
			defaultConfigurationName = Release;
		};
		52CDA8D923E9799F00E0B575 /* Build configuration list for PBXNativeTarget "testProjTests" */ = {
			isa = XCConfigurationList;
			buildConfigurations = (
				52CDA8DA23E9799F00E0B575 /* Debug */,
				52CDA8DB23E9799F00E0B575 /* Release */,
			);
			defaultConfigurationIsVisible = 0;
			defaultConfigurationName = Release;
		};
		52CDA8DC23E9799F00E0B575 /* Build configuration list for PBXNativeTarget "testProjUITests" */ = {
			isa = XCConfigurationList;
			buildConfigurations = (
				52CDA8DD23E9799F00E0B575 /* Debug */,
				52CDA8DE23E9799F00E0B575 /* Release */,
			);
			defaultConfigurationIsVisible = 0;
			defaultConfigurationName = Release;
		};
/* End XCConfigurationList section */
	};
	rootObject = 52CDA8A423E9799D00E0B575 /* Project object */;
}
